// !$*UTF8*$!
{
	archiveVersion = 1;
	classes = {
	};
	objectVersion = 50;
	objects = {

/* Begin PBXBuildFile section */
		075F7A022485C5D600F8ED6D /* AppDelegate.swift in Sources */ = {isa = PBXBuildFile; fileRef = 075F7A012485C5D600F8ED6D /* AppDelegate.swift */; };
		075F7A042485C5D600F8ED6D /* SceneDelegate.swift in Sources */ = {isa = PBXBuildFile; fileRef = 075F7A032485C5D600F8ED6D /* SceneDelegate.swift */; };
		075F7A092485C5D600F8ED6D /* Main.storyboard in Resources */ = {isa = PBXBuildFile; fileRef = 075F7A072485C5D600F8ED6D /* Main.storyboard */; };
		075F7A0B2485C5D800F8ED6D /* Assets.xcassets in Resources */ = {isa = PBXBuildFile; fileRef = 075F7A0A2485C5D800F8ED6D /* Assets.xcassets */; };
		075F7A0E2485C5D800F8ED6D /* LaunchScreen.storyboard in Resources */ = {isa = PBXBuildFile; fileRef = 075F7A0C2485C5D800F8ED6D /* LaunchScreen.storyboard */; };
		075F7A2D2485D2B100F8ED6D /* FocusSquareSegment.swift in Sources */ = {isa = PBXBuildFile; fileRef = 075F7A162485D2AE00F8ED6D /* FocusSquareSegment.swift */; };
		075F7A2E2485D2B100F8ED6D /* FocusSquare.swift in Sources */ = {isa = PBXBuildFile; fileRef = 075F7A172485D2AE00F8ED6D /* FocusSquare.swift */; };
		075F7A2F2485D2B100F8ED6D /* ViewController.swift in Sources */ = {isa = PBXBuildFile; fileRef = 075F7A182485D2AE00F8ED6D /* ViewController.swift */; };
		075F7A302485D2B100F8ED6D /* Utilities.swift in Sources */ = {isa = PBXBuildFile; fileRef = 075F7A1A2485D2AE00F8ED6D /* Utilities.swift */; };
		075F7A312485D2B100F8ED6D /* ViewController+ObjectSelection.swift in Sources */ = {isa = PBXBuildFile; fileRef = 075F7A1B2485D2AE00F8ED6D /* ViewController+ObjectSelection.swift */; };
		075F7A322485D2B100F8ED6D /* ThresholdPanGesture.swift in Sources */ = {isa = PBXBuildFile; fileRef = 075F7A1C2485D2AE00F8ED6D /* ThresholdPanGesture.swift */; };
		075F7A332485D2B100F8ED6D /* ViewController+Actions.swift in Sources */ = {isa = PBXBuildFile; fileRef = 075F7A1D2485D2AE00F8ED6D /* ViewController+Actions.swift */; };
		075F7A342485D2B100F8ED6D /* VirtualObjectInteraction.swift in Sources */ = {isa = PBXBuildFile; fileRef = 075F7A1E2485D2AE00F8ED6D /* VirtualObjectInteraction.swift */; };
		075F7A352485D2B100F8ED6D /* ViewController+ARSCNViewDelegate.swift in Sources */ = {isa = PBXBuildFile; fileRef = 075F7A1F2485D2AE00F8ED6D /* ViewController+ARSCNViewDelegate.swift */; };
		075F7A362485D2B100F8ED6D /* VirtualObjectLoader.swift in Sources */ = {isa = PBXBuildFile; fileRef = 075F7A212485D2AF00F8ED6D /* VirtualObjectLoader.swift */; };
		075F7A372485D2B100F8ED6D /* VirtualObject.swift in Sources */ = {isa = PBXBuildFile; fileRef = 075F7A222485D2AF00F8ED6D /* VirtualObject.swift */; };
		075F7A382485D2B100F8ED6D /* VirtualObjectARView.swift in Sources */ = {isa = PBXBuildFile; fileRef = 075F7A232485D2AF00F8ED6D /* VirtualObjectARView.swift */; };
		075F7A392485D2B100F8ED6D /* Models.scnassets in Resources */ = {isa = PBXBuildFile; fileRef = 075F7A252485D2B000F8ED6D /* Models.scnassets */; };
		075F7A3B2485D2B100F8ED6D /* Assets.xcassets in Resources */ = {isa = PBXBuildFile; fileRef = 075F7A272485D2B000F8ED6D /* Assets.xcassets */; };
		075F7A3D2485D2B100F8ED6D /* ViewController+CoachingOverlay.swift in Sources */ = {isa = PBXBuildFile; fileRef = 075F7A292485D2B000F8ED6D /* ViewController+CoachingOverlay.swift */; };
		075F7A3E2485D2B100F8ED6D /* VirtualObjectSelection.swift in Sources */ = {isa = PBXBuildFile; fileRef = 075F7A2B2485D2B100F8ED6D /* VirtualObjectSelection.swift */; };
		075F7A3F2485D2B100F8ED6D /* StatusViewController.swift in Sources */ = {isa = PBXBuildFile; fileRef = 075F7A2C2485D2B100F8ED6D /* StatusViewController.swift */; };
		075F7A442486A54100F8ED6D /* MainViewController.swift in Sources */ = {isa = PBXBuildFile; fileRef = 075F7A432486A54100F8ED6D /* MainViewController.swift */; };
		075F7A462486A55900F8ED6D /* RestauranteDetailViewController.swift in Sources */ = {isa = PBXBuildFile; fileRef = 075F7A452486A55900F8ED6D /* RestauranteDetailViewController.swift */; };
		075F7A482486A56400F8ED6D /* RestaurantPlateViewController.swift in Sources */ = {isa = PBXBuildFile; fileRef = 075F7A472486A56400F8ED6D /* RestaurantPlateViewController.swift */; };
		075F7A4A2486A56D00F8ED6D /* EmotionDetectorViewController.swift in Sources */ = {isa = PBXBuildFile; fileRef = 075F7A492486A56D00F8ED6D /* EmotionDetectorViewController.swift */; };
		075F7A4C2486A58100F8ED6D /* RestaurantMapViewController.swift in Sources */ = {isa = PBXBuildFile; fileRef = 075F7A4B2486A58100F8ED6D /* RestaurantMapViewController.swift */; };
		075F7A512486A77A00F8ED6D /* CategoriesCell.swift in Sources */ = {isa = PBXBuildFile; fileRef = 075F7A4F2486A77A00F8ED6D /* CategoriesCell.swift */; };
		075F7A522486A77A00F8ED6D /* CategoriesCell.xib in Resources */ = {isa = PBXBuildFile; fileRef = 075F7A502486A77A00F8ED6D /* CategoriesCell.xib */; };
		075F7A562486A79B00F8ED6D /* FeaturedCell.swift in Sources */ = {isa = PBXBuildFile; fileRef = 075F7A542486A79B00F8ED6D /* FeaturedCell.swift */; };
		075F7A572486A79B00F8ED6D /* FeaturedCell.xib in Resources */ = {isa = PBXBuildFile; fileRef = 075F7A552486A79B00F8ED6D /* FeaturedCell.xib */; };
		075F7A5B2486A7DD00F8ED6D /* EmotionsCell.swift in Sources */ = {isa = PBXBuildFile; fileRef = 075F7A592486A7DD00F8ED6D /* EmotionsCell.swift */; };
		075F7A5C2486A7DD00F8ED6D /* EmotionsCell.xib in Resources */ = {isa = PBXBuildFile; fileRef = 075F7A5A2486A7DD00F8ED6D /* EmotionsCell.xib */; };
/* End PBXBuildFile section */

/* Begin PBXFileReference section */
		075F79FE2485C5D600F8ED6D /* AugmentedRestaurant.app */ = {isa = PBXFileReference; explicitFileType = wrapper.application; includeInIndex = 0; path = AugmentedRestaurant.app; sourceTree = BUILT_PRODUCTS_DIR; };
		075F7A012485C5D600F8ED6D /* AppDelegate.swift */ = {isa = PBXFileReference; lastKnownFileType = sourcecode.swift; path = AppDelegate.swift; sourceTree = "<group>"; };
		075F7A032485C5D600F8ED6D /* SceneDelegate.swift */ = {isa = PBXFileReference; lastKnownFileType = sourcecode.swift; path = SceneDelegate.swift; sourceTree = "<group>"; };
		075F7A082485C5D600F8ED6D /* Base */ = {isa = PBXFileReference; lastKnownFileType = file.storyboard; name = Base; path = Base.lproj/Main.storyboard; sourceTree = "<group>"; };
		075F7A0A2485C5D800F8ED6D /* Assets.xcassets */ = {isa = PBXFileReference; lastKnownFileType = folder.assetcatalog; path = Assets.xcassets; sourceTree = "<group>"; };
		075F7A0D2485C5D800F8ED6D /* Base */ = {isa = PBXFileReference; lastKnownFileType = file.storyboard; name = Base; path = Base.lproj/LaunchScreen.storyboard; sourceTree = "<group>"; };
		075F7A0F2485C5D800F8ED6D /* Info.plist */ = {isa = PBXFileReference; lastKnownFileType = text.plist.xml; path = Info.plist; sourceTree = "<group>"; };
		075F7A162485D2AE00F8ED6D /* FocusSquareSegment.swift */ = {isa = PBXFileReference; fileEncoding = 4; lastKnownFileType = sourcecode.swift; path = FocusSquareSegment.swift; sourceTree = "<group>"; };
		075F7A172485D2AE00F8ED6D /* FocusSquare.swift */ = {isa = PBXFileReference; fileEncoding = 4; lastKnownFileType = sourcecode.swift; path = FocusSquare.swift; sourceTree = "<group>"; };
		075F7A182485D2AE00F8ED6D /* ViewController.swift */ = {isa = PBXFileReference; fileEncoding = 4; lastKnownFileType = sourcecode.swift; name = ViewController.swift; path = ../../../../Downloads/PlacingObjectsAndHandling3DInteraction/ARKitInteraction/ViewController.swift; sourceTree = "<group>"; };
		075F7A1A2485D2AE00F8ED6D /* Utilities.swift */ = {isa = PBXFileReference; fileEncoding = 4; lastKnownFileType = sourcecode.swift; path = Utilities.swift; sourceTree = "<group>"; };
		075F7A1B2485D2AE00F8ED6D /* ViewController+ObjectSelection.swift */ = {isa = PBXFileReference; fileEncoding = 4; lastKnownFileType = sourcecode.swift; path = "ViewController+ObjectSelection.swift"; sourceTree = "<group>"; };
		075F7A1C2485D2AE00F8ED6D /* ThresholdPanGesture.swift */ = {isa = PBXFileReference; fileEncoding = 4; lastKnownFileType = sourcecode.swift; path = ThresholdPanGesture.swift; sourceTree = "<group>"; };
		075F7A1D2485D2AE00F8ED6D /* ViewController+Actions.swift */ = {isa = PBXFileReference; fileEncoding = 4; lastKnownFileType = sourcecode.swift; path = "ViewController+Actions.swift"; sourceTree = "<group>"; };
		075F7A1E2485D2AE00F8ED6D /* VirtualObjectInteraction.swift */ = {isa = PBXFileReference; fileEncoding = 4; lastKnownFileType = sourcecode.swift; path = VirtualObjectInteraction.swift; sourceTree = "<group>"; };
		075F7A1F2485D2AE00F8ED6D /* ViewController+ARSCNViewDelegate.swift */ = {isa = PBXFileReference; fileEncoding = 4; lastKnownFileType = sourcecode.swift; path = "ViewController+ARSCNViewDelegate.swift"; sourceTree = "<group>"; };
		075F7A212485D2AF00F8ED6D /* VirtualObjectLoader.swift */ = {isa = PBXFileReference; fileEncoding = 4; lastKnownFileType = sourcecode.swift; path = VirtualObjectLoader.swift; sourceTree = "<group>"; };
		075F7A222485D2AF00F8ED6D /* VirtualObject.swift */ = {isa = PBXFileReference; fileEncoding = 4; lastKnownFileType = sourcecode.swift; path = VirtualObject.swift; sourceTree = "<group>"; };
		075F7A232485D2AF00F8ED6D /* VirtualObjectARView.swift */ = {isa = PBXFileReference; fileEncoding = 4; lastKnownFileType = sourcecode.swift; path = VirtualObjectARView.swift; sourceTree = "<group>"; };
		075F7A252485D2B000F8ED6D /* Models.scnassets */ = {isa = PBXFileReference; lastKnownFileType = wrapper.scnassets; path = Models.scnassets; sourceTree = "<group>"; };
		075F7A272485D2B000F8ED6D /* Assets.xcassets */ = {isa = PBXFileReference; lastKnownFileType = folder.assetcatalog; path = Assets.xcassets; sourceTree = "<group>"; };
		075F7A292485D2B000F8ED6D /* ViewController+CoachingOverlay.swift */ = {isa = PBXFileReference; fileEncoding = 4; lastKnownFileType = sourcecode.swift; path = "ViewController+CoachingOverlay.swift"; sourceTree = "<group>"; };
		075F7A2B2485D2B100F8ED6D /* VirtualObjectSelection.swift */ = {isa = PBXFileReference; fileEncoding = 4; lastKnownFileType = sourcecode.swift; path = VirtualObjectSelection.swift; sourceTree = "<group>"; };
		075F7A2C2485D2B100F8ED6D /* StatusViewController.swift */ = {isa = PBXFileReference; fileEncoding = 4; lastKnownFileType = sourcecode.swift; path = StatusViewController.swift; sourceTree = "<group>"; };
		075F7A412485D41200F8ED6D /* ViewController.swift */ = {isa = PBXFileReference; lastKnownFileType = sourcecode.swift; path = ViewController.swift; sourceTree = "<group>"; };
		075F7A432486A54100F8ED6D /* MainViewController.swift */ = {isa = PBXFileReference; lastKnownFileType = sourcecode.swift; path = MainViewController.swift; sourceTree = "<group>"; };
		075F7A452486A55900F8ED6D /* RestauranteDetailViewController.swift */ = {isa = PBXFileReference; lastKnownFileType = sourcecode.swift; path = RestauranteDetailViewController.swift; sourceTree = "<group>"; };
		075F7A472486A56400F8ED6D /* RestaurantPlateViewController.swift */ = {isa = PBXFileReference; lastKnownFileType = sourcecode.swift; path = RestaurantPlateViewController.swift; sourceTree = "<group>"; };
		075F7A492486A56D00F8ED6D /* EmotionDetectorViewController.swift */ = {isa = PBXFileReference; lastKnownFileType = sourcecode.swift; path = EmotionDetectorViewController.swift; sourceTree = "<group>"; };
		075F7A4B2486A58100F8ED6D /* RestaurantMapViewController.swift */ = {isa = PBXFileReference; lastKnownFileType = sourcecode.swift; path = RestaurantMapViewController.swift; sourceTree = "<group>"; };
		075F7A4F2486A77A00F8ED6D /* CategoriesCell.swift */ = {isa = PBXFileReference; lastKnownFileType = sourcecode.swift; path = CategoriesCell.swift; sourceTree = "<group>"; };
		075F7A502486A77A00F8ED6D /* CategoriesCell.xib */ = {isa = PBXFileReference; lastKnownFileType = file.xib; path = CategoriesCell.xib; sourceTree = "<group>"; };
		075F7A542486A79B00F8ED6D /* FeaturedCell.swift */ = {isa = PBXFileReference; lastKnownFileType = sourcecode.swift; path = FeaturedCell.swift; sourceTree = "<group>"; };
		075F7A552486A79B00F8ED6D /* FeaturedCell.xib */ = {isa = PBXFileReference; lastKnownFileType = file.xib; path = FeaturedCell.xib; sourceTree = "<group>"; };
		075F7A592486A7DD00F8ED6D /* EmotionsCell.swift */ = {isa = PBXFileReference; lastKnownFileType = sourcecode.swift; path = EmotionsCell.swift; sourceTree = "<group>"; };
		075F7A5A2486A7DD00F8ED6D /* EmotionsCell.xib */ = {isa = PBXFileReference; lastKnownFileType = file.xib; path = EmotionsCell.xib; sourceTree = "<group>"; };
/* End PBXFileReference section */

/* Begin PBXFrameworksBuildPhase section */
		075F79FB2485C5D600F8ED6D /* Frameworks */ = {
			isa = PBXFrameworksBuildPhase;
			buildActionMask = 2147483647;
			files = (
			);
			runOnlyForDeploymentPostprocessing = 0;
		};
/* End PBXFrameworksBuildPhase section */

/* Begin PBXGroup section */
		075F79F52485C5D600F8ED6D = {
			isa = PBXGroup;
			children = (
				075F7A002485C5D600F8ED6D /* AugmentedRestaurant */,
				075F79FF2485C5D600F8ED6D /* Products */,
			);
			sourceTree = "<group>";
		};
		075F79FF2485C5D600F8ED6D /* Products */ = {
			isa = PBXGroup;
			children = (
				075F79FE2485C5D600F8ED6D /* AugmentedRestaurant.app */,
			);
			name = Products;
			sourceTree = "<group>";
		};
		075F7A002485C5D600F8ED6D /* AugmentedRestaurant */ = {
			isa = PBXGroup;
			children = (
				075F7A4D2486A74500F8ED6D /* Cells */,
				075F7A012485C5D600F8ED6D /* AppDelegate.swift */,
				075F7A422486A46200F8ED6D /* VCs */,
				075F7A402485D40F00F8ED6D /* AR */,
				075F7A182485D2AE00F8ED6D /* ViewController.swift */,
				075F7A072485C5D600F8ED6D /* Main.storyboard */,
				075F7A0A2485C5D800F8ED6D /* Assets.xcassets */,
				075F7A0C2485C5D800F8ED6D /* LaunchScreen.storyboard */,
				075F7A0F2485C5D800F8ED6D /* Info.plist */,
			);
			path = AugmentedRestaurant;
			sourceTree = "<group>";
		};
		075F7A152485D2AE00F8ED6D /* Focus Square */ = {
			isa = PBXGroup;
			children = (
				075F7A162485D2AE00F8ED6D /* FocusSquareSegment.swift */,
				075F7A172485D2AE00F8ED6D /* FocusSquare.swift */,
			);
			path = "Focus Square";
			sourceTree = "<group>";
		};
		075F7A192485D2AE00F8ED6D /* Utilities */ = {
			isa = PBXGroup;
			children = (
				075F7A1A2485D2AE00F8ED6D /* Utilities.swift */,
			);
			path = Utilities;
			sourceTree = "<group>";
		};
		075F7A202485D2AF00F8ED6D /* Virtual Objects */ = {
			isa = PBXGroup;
			children = (
				075F7A212485D2AF00F8ED6D /* VirtualObjectLoader.swift */,
				075F7A222485D2AF00F8ED6D /* VirtualObject.swift */,
			);
			path = "Virtual Objects";
			sourceTree = "<group>";
		};
		075F7A242485D2B000F8ED6D /* Resources */ = {
			isa = PBXGroup;
			children = (
				075F7A252485D2B000F8ED6D /* Models.scnassets */,
				075F7A272485D2B000F8ED6D /* Assets.xcassets */,
			);
			path = Resources;
			sourceTree = "<group>";
		};
		075F7A2A2485D2B000F8ED6D /* Additional View Controllers */ = {
			isa = PBXGroup;
			children = (
				075F7A2B2485D2B100F8ED6D /* VirtualObjectSelection.swift */,
				075F7A2C2485D2B100F8ED6D /* StatusViewController.swift */,
			);
			path = "Additional View Controllers";
			sourceTree = "<group>";
		};
		075F7A402485D40F00F8ED6D /* AR */ = {
			isa = PBXGroup;
			children = (
				075F7A1E2485D2AE00F8ED6D /* VirtualObjectInteraction.swift */,
				075F7A032485C5D600F8ED6D /* SceneDelegate.swift */,
				075F7A232485D2AF00F8ED6D /* VirtualObjectARView.swift */,
				075F7A1C2485D2AE00F8ED6D /* ThresholdPanGesture.swift */,
				075F7A412485D41200F8ED6D /* ViewController.swift */,
				075F7A1D2485D2AE00F8ED6D /* ViewController+Actions.swift */,
				075F7A1F2485D2AE00F8ED6D /* ViewController+ARSCNViewDelegate.swift */,
				075F7A292485D2B000F8ED6D /* ViewController+CoachingOverlay.swift */,
				075F7A1B2485D2AE00F8ED6D /* ViewController+ObjectSelection.swift */,
				075F7A242485D2B000F8ED6D /* Resources */,
				075F7A152485D2AE00F8ED6D /* Focus Square */,
				075F7A2A2485D2B000F8ED6D /* Additional View Controllers */,
				075F7A192485D2AE00F8ED6D /* Utilities */,
				075F7A202485D2AF00F8ED6D /* Virtual Objects */,
			);
			path = AR;
			sourceTree = "<group>";
		};
		075F7A422486A46200F8ED6D /* VCs */ = {
			isa = PBXGroup;
			children = (
				075F7A432486A54100F8ED6D /* MainViewController.swift */,
				075F7A452486A55900F8ED6D /* RestauranteDetailViewController.swift */,
				075F7A472486A56400F8ED6D /* RestaurantPlateViewController.swift */,
				075F7A492486A56D00F8ED6D /* EmotionDetectorViewController.swift */,
				075F7A4B2486A58100F8ED6D /* RestaurantMapViewController.swift */,
			);
			path = VCs;
			sourceTree = "<group>";
		};
		075F7A4D2486A74500F8ED6D /* Cells */ = {
			isa = PBXGroup;
			children = (
				075F7A582486A7D000F8ED6D /* EmotionsCell */,
				075F7A532486A78E00F8ED6D /* FeaturedCell */,
				075F7A4E2486A75100F8ED6D /* CategoriesCell */,
			);
			path = Cells;
			sourceTree = "<group>";
		};
		075F7A4E2486A75100F8ED6D /* CategoriesCell */ = {
			isa = PBXGroup;
			children = (
				075F7A4F2486A77A00F8ED6D /* CategoriesCell.swift */,
				075F7A502486A77A00F8ED6D /* CategoriesCell.xib */,
			);
			path = CategoriesCell;
			sourceTree = "<group>";
		};
		075F7A532486A78E00F8ED6D /* FeaturedCell */ = {
			isa = PBXGroup;
			children = (
				075F7A542486A79B00F8ED6D /* FeaturedCell.swift */,
				075F7A552486A79B00F8ED6D /* FeaturedCell.xib */,
			);
			path = FeaturedCell;
			sourceTree = "<group>";
		};
		075F7A582486A7D000F8ED6D /* EmotionsCell */ = {
			isa = PBXGroup;
			children = (
				075F7A592486A7DD00F8ED6D /* EmotionsCell.swift */,
				075F7A5A2486A7DD00F8ED6D /* EmotionsCell.xib */,
			);
			path = EmotionsCell;
			sourceTree = "<group>";
		};
/* End PBXGroup section */

/* Begin PBXNativeTarget section */
		075F79FD2485C5D600F8ED6D /* AugmentedRestaurant */ = {
			isa = PBXNativeTarget;
			buildConfigurationList = 075F7A122485C5D800F8ED6D /* Build configuration list for PBXNativeTarget "AugmentedRestaurant" */;
			buildPhases = (
				075F79FA2485C5D600F8ED6D /* Sources */,
				075F79FB2485C5D600F8ED6D /* Frameworks */,
				075F79FC2485C5D600F8ED6D /* Resources */,
			);
			buildRules = (
			);
			dependencies = (
			);
			name = AugmentedRestaurant;
			productName = AugmentedRestaurant;
			productReference = 075F79FE2485C5D600F8ED6D /* AugmentedRestaurant.app */;
			productType = "com.apple.product-type.application";
		};
/* End PBXNativeTarget section */

/* Begin PBXProject section */
		075F79F62485C5D600F8ED6D /* Project object */ = {
			isa = PBXProject;
			attributes = {
				LastSwiftUpdateCheck = 1130;
				LastUpgradeCheck = 1130;
				ORGANIZATIONNAME = carlosdmarribas;
				TargetAttributes = {
					075F79FD2485C5D600F8ED6D = {
						CreatedOnToolsVersion = 11.3.1;
					};
				};
			};
			buildConfigurationList = 075F79F92485C5D600F8ED6D /* Build configuration list for PBXProject "AugmentedRestaurant" */;
			compatibilityVersion = "Xcode 9.3";
			developmentRegion = en;
			hasScannedForEncodings = 0;
			knownRegions = (
				en,
				Base,
			);
			mainGroup = 075F79F52485C5D600F8ED6D;
			productRefGroup = 075F79FF2485C5D600F8ED6D /* Products */;
			projectDirPath = "";
			projectRoot = "";
			targets = (
				075F79FD2485C5D600F8ED6D /* AugmentedRestaurant */,
			);
		};
/* End PBXProject section */

/* Begin PBXResourcesBuildPhase section */
		075F79FC2485C5D600F8ED6D /* Resources */ = {
			isa = PBXResourcesBuildPhase;
			buildActionMask = 2147483647;
			files = (
				075F7A0E2485C5D800F8ED6D /* LaunchScreen.storyboard in Resources */,
				075F7A572486A79B00F8ED6D /* FeaturedCell.xib in Resources */,
				075F7A392485D2B100F8ED6D /* Models.scnassets in Resources */,
				075F7A0B2485C5D800F8ED6D /* Assets.xcassets in Resources */,
				075F7A3B2485D2B100F8ED6D /* Assets.xcassets in Resources */,
				075F7A092485C5D600F8ED6D /* Main.storyboard in Resources */,
				075F7A522486A77A00F8ED6D /* CategoriesCell.xib in Resources */,
				075F7A5C2486A7DD00F8ED6D /* EmotionsCell.xib in Resources */,
			);
			runOnlyForDeploymentPostprocessing = 0;
		};
/* End PBXResourcesBuildPhase section */

/* Begin PBXSourcesBuildPhase section */
		075F79FA2485C5D600F8ED6D /* Sources */ = {
			isa = PBXSourcesBuildPhase;
			buildActionMask = 2147483647;
			files = (
				075F7A352485D2B100F8ED6D /* ViewController+ARSCNViewDelegate.swift in Sources */,
				075F7A3E2485D2B100F8ED6D /* VirtualObjectSelection.swift in Sources */,
				075F7A4A2486A56D00F8ED6D /* EmotionDetectorViewController.swift in Sources */,
				075F7A362485D2B100F8ED6D /* VirtualObjectLoader.swift in Sources */,
				075F7A4C2486A58100F8ED6D /* RestaurantMapViewController.swift in Sources */,
				075F7A2F2485D2B100F8ED6D /* ViewController.swift in Sources */,
				075F7A302485D2B100F8ED6D /* Utilities.swift in Sources */,
				075F7A462486A55900F8ED6D /* RestauranteDetailViewController.swift in Sources */,
				075F7A5B2486A7DD00F8ED6D /* EmotionsCell.swift in Sources */,
				075F7A022485C5D600F8ED6D /* AppDelegate.swift in Sources */,
				075F7A042485C5D600F8ED6D /* SceneDelegate.swift in Sources */,
				075F7A482486A56400F8ED6D /* RestaurantPlateViewController.swift in Sources */,
				075F7A3D2485D2B100F8ED6D /* ViewController+CoachingOverlay.swift in Sources */,
				075F7A342485D2B100F8ED6D /* VirtualObjectInteraction.swift in Sources */,
				075F7A512486A77A00F8ED6D /* CategoriesCell.swift in Sources */,
				075F7A322485D2B100F8ED6D /* ThresholdPanGesture.swift in Sources */,
				075F7A332485D2B100F8ED6D /* ViewController+Actions.swift in Sources */,
				075F7A2D2485D2B100F8ED6D /* FocusSquareSegment.swift in Sources */,
				075F7A312485D2B100F8ED6D /* ViewController+ObjectSelection.swift in Sources */,
				075F7A382485D2B100F8ED6D /* VirtualObjectARView.swift in Sources */,
				075F7A372485D2B100F8ED6D /* VirtualObject.swift in Sources */,
				075F7A442486A54100F8ED6D /* MainViewController.swift in Sources */,
				075F7A562486A79B00F8ED6D /* FeaturedCell.swift in Sources */,
				075F7A3F2485D2B100F8ED6D /* StatusViewController.swift in Sources */,
				075F7A2E2485D2B100F8ED6D /* FocusSquare.swift in Sources */,
			);
			runOnlyForDeploymentPostprocessing = 0;
		};
/* End PBXSourcesBuildPhase section */

/* Begin PBXVariantGroup section */
		075F7A072485C5D600F8ED6D /* Main.storyboard */ = {
			isa = PBXVariantGroup;
			children = (
				075F7A082485C5D600F8ED6D /* Base */,
			);
			name = Main.storyboard;
			sourceTree = "<group>";
		};
		075F7A0C2485C5D800F8ED6D /* LaunchScreen.storyboard */ = {
			isa = PBXVariantGroup;
			children = (
				075F7A0D2485C5D800F8ED6D /* Base */,
			);
			name = LaunchScreen.storyboard;
			sourceTree = "<group>";
		};
/* End PBXVariantGroup section */

/* Begin XCBuildConfiguration section */
		075F7A102485C5D800F8ED6D /* Debug */ = {
			isa = XCBuildConfiguration;
			buildSettings = {
				ALWAYS_SEARCH_USER_PATHS = NO;
				CLANG_ANALYZER_NONNULL = YES;
				CLANG_ANALYZER_NUMBER_OBJECT_CONVERSION = YES_AGGRESSIVE;
				CLANG_CXX_LANGUAGE_STANDARD = "gnu++14";
				CLANG_CXX_LIBRARY = "libc++";
				CLANG_ENABLE_MODULES = YES;
				CLANG_ENABLE_OBJC_ARC = YES;
				CLANG_ENABLE_OBJC_WEAK = YES;
				CLANG_WARN_BLOCK_CAPTURE_AUTORELEASING = YES;
				CLANG_WARN_BOOL_CONVERSION = YES;
				CLANG_WARN_COMMA = YES;
				CLANG_WARN_CONSTANT_CONVERSION = YES;
				CLANG_WARN_DEPRECATED_OBJC_IMPLEMENTATIONS = YES;
				CLANG_WARN_DIRECT_OBJC_ISA_USAGE = YES_ERROR;
				CLANG_WARN_DOCUMENTATION_COMMENTS = YES;
				CLANG_WARN_EMPTY_BODY = YES;
				CLANG_WARN_ENUM_CONVERSION = YES;
				CLANG_WARN_INFINITE_RECURSION = YES;
				CLANG_WARN_INT_CONVERSION = YES;
				CLANG_WARN_NON_LITERAL_NULL_CONVERSION = YES;
				CLANG_WARN_OBJC_IMPLICIT_RETAIN_SELF = YES;
				CLANG_WARN_OBJC_LITERAL_CONVERSION = YES;
				CLANG_WARN_OBJC_ROOT_CLASS = YES_ERROR;
				CLANG_WARN_RANGE_LOOP_ANALYSIS = YES;
				CLANG_WARN_STRICT_PROTOTYPES = YES;
				CLANG_WARN_SUSPICIOUS_MOVE = YES;
				CLANG_WARN_UNGUARDED_AVAILABILITY = YES_AGGRESSIVE;
				CLANG_WARN_UNREACHABLE_CODE = YES;
				CLANG_WARN__DUPLICATE_METHOD_MATCH = YES;
				COPY_PHASE_STRIP = NO;
				DEBUG_INFORMATION_FORMAT = dwarf;
				ENABLE_STRICT_OBJC_MSGSEND = YES;
				ENABLE_TESTABILITY = YES;
				GCC_C_LANGUAGE_STANDARD = gnu11;
				GCC_DYNAMIC_NO_PIC = NO;
				GCC_NO_COMMON_BLOCKS = YES;
				GCC_OPTIMIZATION_LEVEL = 0;
				GCC_PREPROCESSOR_DEFINITIONS = (
					"DEBUG=1",
					"$(inherited)",
				);
				GCC_WARN_64_TO_32_BIT_CONVERSION = YES;
				GCC_WARN_ABOUT_RETURN_TYPE = YES_ERROR;
				GCC_WARN_UNDECLARED_SELECTOR = YES;
				GCC_WARN_UNINITIALIZED_AUTOS = YES_AGGRESSIVE;
				GCC_WARN_UNUSED_FUNCTION = YES;
				GCC_WARN_UNUSED_VARIABLE = YES;
				IPHONEOS_DEPLOYMENT_TARGET = 13.2;
				MTL_ENABLE_DEBUG_INFO = INCLUDE_SOURCE;
				MTL_FAST_MATH = YES;
				ONLY_ACTIVE_ARCH = YES;
				SDKROOT = iphoneos;
				SWIFT_ACTIVE_COMPILATION_CONDITIONS = DEBUG;
				SWIFT_OPTIMIZATION_LEVEL = "-Onone";
			};
			name = Debug;
		};
		075F7A112485C5D800F8ED6D /* Release */ = {
			isa = XCBuildConfiguration;
			buildSettings = {
				ALWAYS_SEARCH_USER_PATHS = NO;
				CLANG_ANALYZER_NONNULL = YES;
				CLANG_ANALYZER_NUMBER_OBJECT_CONVERSION = YES_AGGRESSIVE;
				CLANG_CXX_LANGUAGE_STANDARD = "gnu++14";
				CLANG_CXX_LIBRARY = "libc++";
				CLANG_ENABLE_MODULES = YES;
				CLANG_ENABLE_OBJC_ARC = YES;
				CLANG_ENABLE_OBJC_WEAK = YES;
				CLANG_WARN_BLOCK_CAPTURE_AUTORELEASING = YES;
				CLANG_WARN_BOOL_CONVERSION = YES;
				CLANG_WARN_COMMA = YES;
				CLANG_WARN_CONSTANT_CONVERSION = YES;
				CLANG_WARN_DEPRECATED_OBJC_IMPLEMENTATIONS = YES;
				CLANG_WARN_DIRECT_OBJC_ISA_USAGE = YES_ERROR;
				CLANG_WARN_DOCUMENTATION_COMMENTS = YES;
				CLANG_WARN_EMPTY_BODY = YES;
				CLANG_WARN_ENUM_CONVERSION = YES;
				CLANG_WARN_INFINITE_RECURSION = YES;
				CLANG_WARN_INT_CONVERSION = YES;
				CLANG_WARN_NON_LITERAL_NULL_CONVERSION = YES;
				CLANG_WARN_OBJC_IMPLICIT_RETAIN_SELF = YES;
				CLANG_WARN_OBJC_LITERAL_CONVERSION = YES;
				CLANG_WARN_OBJC_ROOT_CLASS = YES_ERROR;
				CLANG_WARN_RANGE_LOOP_ANALYSIS = YES;
				CLANG_WARN_STRICT_PROTOTYPES = YES;
				CLANG_WARN_SUSPICIOUS_MOVE = YES;
				CLANG_WARN_UNGUARDED_AVAILABILITY = YES_AGGRESSIVE;
				CLANG_WARN_UNREACHABLE_CODE = YES;
				CLANG_WARN__DUPLICATE_METHOD_MATCH = YES;
				COPY_PHASE_STRIP = NO;
				DEBUG_INFORMATION_FORMAT = "dwarf-with-dsym";
				ENABLE_NS_ASSERTIONS = NO;
				ENABLE_STRICT_OBJC_MSGSEND = YES;
				GCC_C_LANGUAGE_STANDARD = gnu11;
				GCC_NO_COMMON_BLOCKS = YES;
				GCC_WARN_64_TO_32_BIT_CONVERSION = YES;
				GCC_WARN_ABOUT_RETURN_TYPE = YES_ERROR;
				GCC_WARN_UNDECLARED_SELECTOR = YES;
				GCC_WARN_UNINITIALIZED_AUTOS = YES_AGGRESSIVE;
				GCC_WARN_UNUSED_FUNCTION = YES;
				GCC_WARN_UNUSED_VARIABLE = YES;
				IPHONEOS_DEPLOYMENT_TARGET = 13.2;
				MTL_ENABLE_DEBUG_INFO = NO;
				MTL_FAST_MATH = YES;
				SDKROOT = iphoneos;
				SWIFT_COMPILATION_MODE = wholemodule;
				SWIFT_OPTIMIZATION_LEVEL = "-O";
				VALIDATE_PRODUCT = YES;
			};
			name = Release;
		};
		075F7A132485C5D800F8ED6D /* Debug */ = {
			isa = XCBuildConfiguration;
			buildSettings = {
				ASSETCATALOG_COMPILER_APPICON_NAME = AppIcon;
				CODE_SIGN_STYLE = Automatic;
				DEVELOPMENT_TEAM = W5476V8R96;
				INFOPLIST_FILE = AugmentedRestaurant/Info.plist;
				LD_RUNPATH_SEARCH_PATHS = (
					"$(inherited)",
					"@executable_path/Frameworks",
				);
				PRODUCT_BUNDLE_IDENTIFIER = com.carlosmdarribas.apps.AugmentedRestaurant;
				PRODUCT_NAME = "$(TARGET_NAME)";
				SWIFT_VERSION = 5.0;
				TARGETED_DEVICE_FAMILY = "1,2";
			};
			name = Debug;
		};
		075F7A142485C5D800F8ED6D /* Release */ = {
			isa = XCBuildConfiguration;
			buildSettings = {
				ASSETCATALOG_COMPILER_APPICON_NAME = AppIcon;
				CODE_SIGN_STYLE = Automatic;
				DEVELOPMENT_TEAM = W5476V8R96;
				INFOPLIST_FILE = AugmentedRestaurant/Info.plist;
				LD_RUNPATH_SEARCH_PATHS = (
					"$(inherited)",
					"@executable_path/Frameworks",
				);
				PRODUCT_BUNDLE_IDENTIFIER = com.carlosmdarribas.apps.AugmentedRestaurant;
				PRODUCT_NAME = "$(TARGET_NAME)";
				SWIFT_VERSION = 5.0;
				TARGETED_DEVICE_FAMILY = "1,2";
			};
			name = Release;
		};
/* End XCBuildConfiguration section */

/* Begin XCConfigurationList section */
		075F79F92485C5D600F8ED6D /* Build configuration list for PBXProject "AugmentedRestaurant" */ = {
			isa = XCConfigurationList;
			buildConfigurations = (
				075F7A102485C5D800F8ED6D /* Debug */,
				075F7A112485C5D800F8ED6D /* Release */,
			);
			defaultConfigurationIsVisible = 0;
			defaultConfigurationName = Release;
		};
		075F7A122485C5D800F8ED6D /* Build configuration list for PBXNativeTarget "AugmentedRestaurant" */ = {
			isa = XCConfigurationList;
			buildConfigurations = (
				075F7A132485C5D800F8ED6D /* Debug */,
				075F7A142485C5D800F8ED6D /* Release */,
			);
			defaultConfigurationIsVisible = 0;
			defaultConfigurationName = Release;
		};
/* End XCConfigurationList section */
	};
	rootObject = 075F79F62485C5D600F8ED6D /* Project object */;
}
